
Microsoft Visual Studio Solution File, Format Version 12.00
# Visual Studio Version 16
VisualStudioVersion = 16.0.31729.503
MinimumVisualStudioVersion = 10.0.40219.1
Project("{FAE04EC0-301F-11D3-BF4B-00C04F79EFBC}") = "Array2DPrimeAnagram", "Array2DPrimeAnagram\Array2DPrimeAnagram.csproj", "{C9FAF65C-480B-4062-B520-C4DDF632456B}"
EndProject
Global
	GlobalSection(SolutionConfigurationPlatforms) = preSolution
		Debug|Any CPU = Debug|Any CPU
		Release|Any CPU = Release|Any CPU
	EndGlobalSection
	GlobalSection(ProjectConfigurationPlatforms) = postSolution
		{C9FAF65C-480B-4062-B520-C4DDF632456B}.Debug|Any CPU.ActiveCfg = Debug|Any CPU
		{C9FAF65C-480B-4062-B520-C4DDF632456B}.Debug|Any CPU.Build.0 = Debug|Any CPU
		{C9FAF65C-480B-4062-B520-C4DDF632456B}.Release|Any CPU.ActiveCfg = Release|Any CPU
		{C9FAF65C-480B-4062-B520-C4DDF632456B}.Release|Any CPU.Build.0 = Release|Any CPU
	EndGlobalSection
	GlobalSection(SolutionProperties) = preSolution
		HideSolutionNode = FALSE
	EndGlobalSection
	GlobalSection(ExtensibilityGlobals) = postSolution
		SolutionGuid = {85301857-DD77-4690-B65D-476CE4280001}
	EndGlobalSection
EndGlobal
